
Microsoft Visual Studio Solution File, Format Version 12.00
# Visual Studio Version 17
VisualStudioVersion = 17.2.32630.192
MinimumVisualStudioVersion = 10.0.40219.1
Project("{FAE04EC0-301F-11D3-BF4B-00C04F79EFBC}") = "Nekote", "Nekote\Nekote.csproj", "{4ED7E69E-8B31-492C-9553-6B706F4A8102}"
EndProject
Project("{FAE04EC0-301F-11D3-BF4B-00C04F79EFBC}") = "ConsoleTester", "ConsoleTester\ConsoleTester.csproj", "{DF91E42F-05F3-426C-809C-CFA8517A8C1F}"
EndProject
Global
	GlobalSection(SolutionConfigurationPlatforms) = preSolution
		Debug|Any CPU = Debug|Any CPU
		Release|Any CPU = Release|Any CPU
	EndGlobalSection
	GlobalSection(ProjectConfigurationPlatforms) = postSolution
		{4ED7E69E-8B31-492C-9553-6B706F4A8102}.Debug|Any CPU.ActiveCfg = Debug|Any CPU
		{4ED7E69E-8B31-492C-9553-6B706F4A8102}.Debug|Any CPU.Build.0 = Debug|Any CPU
		{4ED7E69E-8B31-492C-9553-6B706F4A8102}.Release|Any CPU.ActiveCfg = Release|Any CPU
		{4ED7E69E-8B31-492C-9553-6B706F4A8102}.Release|Any CPU.Build.0 = Release|Any CPU
		{DF91E42F-05F3-426C-809C-CFA8517A8C1F}.Debug|Any CPU.ActiveCfg = Debug|Any CPU
		{DF91E42F-05F3-426C-809C-CFA8517A8C1F}.Debug|Any CPU.Build.0 = Debug|Any CPU
		{DF91E42F-05F3-426C-809C-CFA8517A8C1F}.Release|Any CPU.ActiveCfg = Release|Any CPU
		{DF91E42F-05F3-426C-809C-CFA8517A8C1F}.Release|Any CPU.Build.0 = Release|Any CPU
	EndGlobalSection
	GlobalSection(SolutionProperties) = preSolution
		HideSolutionNode = FALSE
	EndGlobalSection
	GlobalSection(ExtensibilityGlobals) = postSolution
		SolutionGuid = {5F5B9FE6-985A-44FB-A10F-DB6ACD39F1E5}
	EndGlobalSection
EndGlobal
